
Microsoft Visual Studio Solution File, Format Version 12.00
# Visual Studio Version 16
VisualStudioVersion = 16.0.29503.13
MinimumVisualStudioVersion = 10.0.40219.1
Project("{9A19103F-16F7-4668-BE54-9A1E7A4F7556}") = "MnistExercise", "MnistExercise.csproj", "{0CEF6D69-31B4-4101-9DD3-A9F4935811B1}"
EndProject
Global
	GlobalSection(SolutionConfigurationPlatforms) = preSolution
		Debug|Any CPU = Debug|Any CPU
		Release|Any CPU = Release|Any CPU
	EndGlobalSection
	GlobalSection(ProjectConfigurationPlatforms) = postSolution
		{0CEF6D69-31B4-4101-9DD3-A9F4935811B1}.Debug|Any CPU.ActiveCfg = Debug|Any CPU
		{0CEF6D69-31B4-4101-9DD3-A9F4935811B1}.Debug|Any CPU.Build.0 = Debug|Any CPU
		{0CEF6D69-31B4-4101-9DD3-A9F4935811B1}.Release|Any CPU.ActiveCfg = Release|Any CPU
		{0CEF6D69-31B4-4101-9DD3-A9F4935811B1}.Release|Any CPU.Build.0 = Release|Any CPU
	EndGlobalSection
	GlobalSection(SolutionProperties) = preSolution
		HideSolutionNode = FALSE
	EndGlobalSection
	GlobalSection(ExtensibilityGlobals) = postSolution
		SolutionGuid = {1E3362E1-B826-49BE-9854-6FBED92D3056}
	EndGlobalSection
EndGlobal
